
Microsoft Visual Studio Solution File, Format Version 12.00
# Visual Studio Version 17
VisualStudioVersion = 17.6.33712.159
MinimumVisualStudioVersion = 10.0.40219.1
Project("{FAE04EC0-301F-11D3-BF4B-00C04F79EFBC}") = "ConsoleApp1", "ConsoleApp1\ConsoleApp1.csproj", "{4BA86B6D-9195-4D5C-B6A0-8CC74F7EA2FC}"
EndProject
Global
	GlobalSection(SolutionConfigurationPlatforms) = preSolution
		Debug|Any CPU = Debug|Any CPU
		Release|Any CPU = Release|Any CPU
	EndGlobalSection
	GlobalSection(ProjectConfigurationPlatforms) = postSolution
		{4BA86B6D-9195-4D5C-B6A0-8CC74F7EA2FC}.Debug|Any CPU.ActiveCfg = Debug|Any CPU
		{4BA86B6D-9195-4D5C-B6A0-8CC74F7EA2FC}.Debug|Any CPU.Build.0 = Debug|Any CPU
		{4BA86B6D-9195-4D5C-B6A0-8CC74F7EA2FC}.Release|Any CPU.ActiveCfg = Release|Any CPU
		{4BA86B6D-9195-4D5C-B6A0-8CC74F7EA2FC}.Release|Any CPU.Build.0 = Release|Any CPU
	EndGlobalSection
	GlobalSection(SolutionProperties) = preSolution
		HideSolutionNode = FALSE
	EndGlobalSection
	GlobalSection(ExtensibilityGlobals) = postSolution
		SolutionGuid = {B3059F22-BE47-439E-AB22-326AC6B3902F}
	EndGlobalSection
EndGlobal
